<?xml version="1.0" encoding="utf-8"?>
<Project ToolsVersion="4.0" xmlns="http://schemas.microsoft.com/developer/msbuild/2003">
  <ItemGroup>
    <Filter Include="소스 파일">
      <UniqueIdentifier>{4FC737F1-C7A5-4376-A066-2A32D752A2FF}</UniqueIdentifier>
      <Extensions>cpp;c;cc;cxx;c++;cppm;ixx;def;odl;idl;hpj;bat;asm;asmx</Extensions>
    </Filter>
    <Filter Include="헤더 파일">
      <UniqueIdentifier>{93995380-89BD-4b04-88EB-625FBE52EBFB}</UniqueIdentifier>
      <Extensions>h;hh;hpp;hxx;h++;hm;inl;inc;ipp;xsd</Extensions>
    </Filter>
    <Filter Include="리소스 파일">
      <UniqueIdentifier>{67DA6AB6-F800-4c08-8B7A-83BB121AAD01}</UniqueIdentifier>
      <Extensions>rc;ico;cur;bmp;dlg;rc2;rct;bin;rgs;gif;jpg;jpeg;jpe;resx;tiff;tif;png;wav;mfcribbon-ms</Extensions>
    </Filter>
    <Filter Include="Base">
      <UniqueIdentifier>{d3e02556-aa3e-453d-af7a-0c02788e98a3}</UniqueIdentifier>
    </Filter>
    <Filter Include="Scene">
      <UniqueIdentifier>{3af4a604-6c93-4ae2-9e4b-0cbe50267690}</UniqueIdentifier>
    </Filter>
    <Filter Include="Base\Base.h">
      <UniqueIdentifier>{a4bac599-ffcd-4fac-a697-365b5f9eb450}</UniqueIdentifier>
    </Filter>
    <Filter Include="Scene\Scene.h">
      <UniqueIdentifier>{c86bffa9-1a04-41ef-97e4-c894beaf4974}</UniqueIdentifier>
    </Filter>
    <Filter Include="Object">
      <UniqueIdentifier>{ed3975c8-d20a-4084-9c64-a41e51f57f7c}</UniqueIdentifier>
    </Filter>
  </ItemGroup>
  <ItemGroup>
    <ClInclude Include="Sample.h">
      <Filter>헤더 파일</Filter>
    </ClInclude>
    <ClInclude Include="BasicStd.h">
      <Filter>Base\Base.h</Filter>
    </ClInclude>
    <ClInclude Include="BEngine.h">
      <Filter>Base\Base.h</Filter>
    </ClInclude>
    <ClInclude Include="BImage.h">
      <Filter>Base\Base.h</Filter>
    </ClInclude>
    <ClInclude Include="BInput.h">
      <Filter>Base\Base.h</Filter>
    </ClInclude>
    <ClInclude Include="BWindow.h">
      <Filter>Base\Base.h</Filter>
    </ClInclude>
    <ClInclude Include="BasicSys.h">
      <Filter>Base\Base.h</Filter>
    </ClInclude>
    <ClInclude Include="Scene.h">
      <Filter>Scene\Scene.h</Filter>
    </ClInclude>
    <ClInclude Include="SceneManager.h">
      <Filter>Scene\Scene.h</Filter>
    </ClInclude>
    <ClInclude Include="resource.h">
      <Filter>헤더 파일</Filter>
    </ClInclude>
    <ClInclude Include="Singleton.h">
      <Filter>헤더 파일</Filter>
    </ClInclude>
    <ClInclude Include="GameScene.h">
      <Filter>헤더 파일</Filter>
    </ClInclude>
    <ClInclude Include="Block.h">
      <Filter>Object</Filter>
    </ClInclude>
    <ClInclude Include="Object.h">
      <Filter>Object</Filter>
    </ClInclude>
    <ClInclude Include="Piece.h">
      <Filter>Object</Filter>
    </ClInclude>
    <ClInclude Include="ObjectManager.h">
      <Filter>Object</Filter>
    </ClInclude>
  </ItemGroup>
  <ItemGroup>
    <ClCompile Include="BWindow.cpp">
      <Filter>Base</Filter>
    </ClCompile>
    <ClCompile Include="BEngine.cpp">
      <Filter>Base</Filter>
    </ClCompile>
    <ClCompile Include="Sample.cpp">
      <Filter>소스 파일</Filter>
    </ClCompile>
    <ClCompile Include="BImage.cpp">
      <Filter>Base</Filter>
    </ClCompile>
    <ClCompile Include="BInput.cpp">
      <Filter>Base</Filter>
    </ClCompile>
    <ClCompile Include="SceneManager.cpp">
      <Filter>Scene</Filter>
    </ClCompile>
    <ClCompile Include="GameScene.cpp">
      <Filter>소스 파일</Filter>
    </ClCompile>
    <ClCompile Include="Piece.cpp">
      <Filter>Object</Filter>
    </ClCompile>
    <ClCompile Include="Block.cpp">
      <Filter>Object</Filter>
    </ClCompile>
    <ClCompile Include="ObjectManager.cpp">
      <Filter>Object</Filter>
    </ClCompile>
  </ItemGroup>
  <ItemGroup>
    <ResourceCompile Include="NewTetris.rc">
      <Filter>리소스 파일</Filter>
    </ResourceCompile>
  </ItemGroup>
  <ItemGroup>
    <Image Include="Resource\Tetris\bgImage.bmp">
      <Filter>리소스 파일</Filter>
    </Image>
    <Image Include="Resource\Tetris\blue.bmp">
      <Filter>리소스 파일</Filter>
    </Image>
    <Image Include="Resource\Tetris\gray.bmp">
      <Filter>리소스 파일</Filter>
    </Image>
    <Image Include="Resource\Tetris\green.bmp">
      <Filter>리소스 파일</Filter>
    </Image>
    <Image Include="Resource\Tetris\guide.bmp">
      <Filter>리소스 파일</Filter>
    </Image>
    <Image Include="Resource\Tetris\orange.bmp">
      <Filter>리소스 파일</Filter>
    </Image>
    <Image Include="Resource\Tetris\purple.bmp">
      <Filter>리소스 파일</Filter>
    </Image>
    <Image Include="Resource\Tetris\red.bmp">
      <Filter>리소스 파일</Filter>
    </Image>
    <Image Include="Resource\Tetris\white.bmp">
      <Filter>리소스 파일</Filter>
    </Image>
    <Image Include="Resource\Tetris\yellow.bmp">
      <Filter>리소스 파일</Filter>
    </Image>
  </ItemGroup>
</Project>