
Microsoft Visual Studio Solution File, Format Version 12.00
# Visual Studio Version 16
VisualStudioVersion = 16.0.32228.343
MinimumVisualStudioVersion = 10.0.40219.1
Project("{8BC9CEB8-8B4A-11D0-8D11-00A0C91BC942}") = "GameFramework", "GameFramework.vcxproj", "{E331CE46-7A1A-4EB1-BAAC-EB39061D9489}"
EndProject
Global
	GlobalSection(SolutionConfigurationPlatforms) = preSolution
		Debug|x64 = Debug|x64
		Debug|x86 = Debug|x86
		Release|x64 = Release|x64
		Release|x86 = Release|x86
	EndGlobalSection
	GlobalSection(ProjectConfigurationPlatforms) = postSolution
		{E331CE46-7A1A-4EB1-BAAC-EB39061D9489}.Debug|x64.ActiveCfg = Debug|x64
		{E331CE46-7A1A-4EB1-BAAC-EB39061D9489}.Debug|x64.Build.0 = Debug|x64
		{E331CE46-7A1A-4EB1-BAAC-EB39061D9489}.Debug|x86.ActiveCfg = Debug|Win32
		{E331CE46-7A1A-4EB1-BAAC-EB39061D9489}.Debug|x86.Build.0 = Debug|Win32
		{E331CE46-7A1A-4EB1-BAAC-EB39061D9489}.Release|x64.ActiveCfg = Release|x64
		{E331CE46-7A1A-4EB1-BAAC-EB39061D9489}.Release|x64.Build.0 = Release|x64
		{E331CE46-7A1A-4EB1-BAAC-EB39061D9489}.Release|x86.ActiveCfg = Release|Win32
		{E331CE46-7A1A-4EB1-BAAC-EB39061D9489}.Release|x86.Build.0 = Release|Win32
	EndGlobalSection
	GlobalSection(SolutionProperties) = preSolution
		HideSolutionNode = FALSE
	EndGlobalSection
	GlobalSection(ExtensibilityGlobals) = postSolution
		SolutionGuid = {9692480F-A560-4394-884B-F924513A7F74}
	EndGlobalSection
EndGlobal
